
Microsoft Visual Studio Solution File, Format Version 12.00
# Visual Studio Version 17
VisualStudioVersion = 17.10.35122.118
MinimumVisualStudioVersion = 10.0.40219.1
Project("{FAE04EC0-301F-11D3-BF4B-00C04F79EFBC}") = "evaluacion2api", "evaluacion2api\evaluacion2api.csproj", "{8DB581BB-3A3E-4293-BACD-C9F912145AF5}"
EndProject
Global
	GlobalSection(SolutionConfigurationPlatforms) = preSolution
		Debug|Any CPU = Debug|Any CPU
		Release|Any CPU = Release|Any CPU
	EndGlobalSection
	GlobalSection(ProjectConfigurationPlatforms) = postSolution
		{8DB581BB-3A3E-4293-BACD-C9F912145AF5}.Debug|Any CPU.ActiveCfg = Debug|Any CPU
		{8DB581BB-3A3E-4293-BACD-C9F912145AF5}.Debug|Any CPU.Build.0 = Debug|Any CPU
		{8DB581BB-3A3E-4293-BACD-C9F912145AF5}.Release|Any CPU.ActiveCfg = Release|Any CPU
		{8DB581BB-3A3E-4293-BACD-C9F912145AF5}.Release|Any CPU.Build.0 = Release|Any CPU
	EndGlobalSection
	GlobalSection(SolutionProperties) = preSolution
		HideSolutionNode = FALSE
	EndGlobalSection
	GlobalSection(ExtensibilityGlobals) = postSolution
		SolutionGuid = {2EFF0723-BFA5-4D4B-86B5-7B4E23ABF12E}
	EndGlobalSection
EndGlobal
